
Microsoft Visual Studio Solution File, Format Version 12.00
# Visual Studio Version 17
VisualStudioVersion = 17.4.33213.308
MinimumVisualStudioVersion = 10.0.40219.1
Project("{FAE04EC0-301F-11D3-BF4B-00C04F79EFBC}") = "MoviesActorsDbDto", "MoviesActorsDbDto.csproj", "{A5896465-7333-48EB-95EA-46963DECB08A}"
EndProject
Global
	GlobalSection(SolutionConfigurationPlatforms) = preSolution
		Debug|Any CPU = Debug|Any CPU
		Release|Any CPU = Release|Any CPU
	EndGlobalSection
	GlobalSection(ProjectConfigurationPlatforms) = postSolution
		{A5896465-7333-48EB-95EA-46963DECB08A}.Debug|Any CPU.ActiveCfg = Debug|Any CPU
		{A5896465-7333-48EB-95EA-46963DECB08A}.Debug|Any CPU.Build.0 = Debug|Any CPU
		{A5896465-7333-48EB-95EA-46963DECB08A}.Release|Any CPU.ActiveCfg = Release|Any CPU
		{A5896465-7333-48EB-95EA-46963DECB08A}.Release|Any CPU.Build.0 = Release|Any CPU
	EndGlobalSection
	GlobalSection(SolutionProperties) = preSolution
		HideSolutionNode = FALSE
	EndGlobalSection
	GlobalSection(ExtensibilityGlobals) = postSolution
		SolutionGuid = {280B2DEA-614A-49AB-A964-CECC821B194F}
	EndGlobalSection
EndGlobal
